---
lockfileVersion: 1
lockfileVendor: redhat
arches:
- arch: x86_64
  packages:
  - url: https://cdn-ubi.redhat.com/content/public/ubi/dist/ubi9/9/x86_64/appstream/os/Packages/c/cargo-1.92.0-1.el9.x86_64.rpm
    repoid: ubi-9-appstream-rpms
    size: 9100626
    checksum: sha256:3c4afc2cb56734d01aaaaa8d0c317688f6fe143ad239079342f4fe9b631ded0f
    name: cargo
    evr: 1.92.0-1.el9
    sourcerpm: rust-1.92.0-1.el9.src.rpm
  - url: https://cdn-ubi.redhat.com/content/public/ubi/dist/ubi9/9/x86_64/appstream/os/Packages/c/checkpolicy-3.6-1.el9.x86_64.rpm
    repoid: ubi-9-appstream-rpms
    size: 365931
    checksum: sha256:3d12bc7e21276434108c97561f75d1854283afb73d4fface3b836acee09f8d98
    name: checkpolicy
    evr: 3.6-1.el9
    sourcerpm: checkpolicy-3.6-1.el9.src.rpm
  - url: https://cdn-ubi.redhat.com/content/public/ubi/dist/ubi9/9/x86_64/appstream/os/Packages/c/clang-21.1.8-2.el9.x86_64.rpm
    repoid: ubi-9-appstream-rpms
    size: 7531133
    checksum: sha256:d1d0a8e2c3c568a0fd4551ce982f6db5de0e0675e55e4083563df7d66324129b
    name: clang
    evr: 21.1.8-2.el9
    sourcerpm: llvm-21.1.8-2.el9.src.rpm
  - url: https://cdn-ubi.redhat.com/content/public/ubi/dist/ubi9/9/x86_64/appstream/os/Packages/c/clang-devel-21.1.8-2.el9.x86_64.rpm
    repoid: ubi-9-appstream-rpms
    size: 4508426
    checksum: sha256:16e04e008dbc07e4dbb6bc34ef4bbf0dc6aae119103b35ac5bce86e2e4072395
    name: clang-devel
    evr: 21.1.8-2.el9
    sourcerpm: llvm-21.1.8-2.el9.src.rpm
  - url: https://cdn-ubi.redhat.com/content/public/ubi/dist/ubi9/9/x86_64/appstream/os/Packages/c/clang-libs-21.1.8-2.el9.x86_64.rpm
    repoid: ubi-9-appstream-rpms
    size: 32793031
    checksum: sha256:0d674d34e4ade76a3e2e273b3b967979dd8678870693b2b3d5670b48354c6673
    name: clang-libs
    evr: 21.1.8-2.el9
    sourcerpm: llvm-21.1.8-2.el9.src.rpm
  - url: https://cdn-ubi.redhat.com/content/public/ubi/dist/ubi9/9/x86_64/appstream/os/Packages/c/clang-resource-filesystem-21.1.8-2.el9.x86_64.rpm
    repoid: ubi-9-appstream-rpms
    size: 25845
    checksum: sha256:d5cd22de3ab8fd0ee362d1fc7d030efbfabd573e776164987b9e92b7e88d1926
    name: clang-resource-filesystem
    evr: 21.1.8-2.el9
    sourcerpm: llvm-21.1.8-2.el9.src.rpm
  - url: https://cdn-ubi.redhat.com/content/public/ubi/dist/ubi9/9/x86_64/appstream/os/Packages/c/clang-tools-extra-21.1.8-2.el9.x86_64.rpm
    repoid: ubi-9-appstream-rpms
    size: 19688837
    checksum: sha256:bf8f41f5f6e19c5e613c2a08552a09e5d73130fdd6e8163791731217286ab715
    name: clang-tools-extra
    evr: 21.1.8-2.el9
    sourcerpm: llvm-21.1.8-2.el9.src.rpm
  - url: https://cdn-ubi.redhat.com/content/public/ubi/dist/ubi9/9/x86_64/appstream/os/Packages/c/cmake-3.31.8-3.el9.x86_64.rpm
    repoid: ubi-9-appstream-rpms
    size: 13989883
    checksum: sha256:e67ea7aef1edd470e4ec22982e97871655abcdc0990754d4e8f147d4e7de317a
    name: cmake
    evr: 3.31.8-3.el9
    sourcerpm: cmake-3.31.8-3.el9.src.rpm
  - url: https://cdn-ubi.redhat.com/content/public/ubi/dist/ubi9/9/x86_64/appstream/os/Packages/c/cmake-data-3.31.8-3.el9.noarch.rpm
    repoid: ubi-9-appstream-rpms
    size: 2829291
    checksum: sha256:1cdc2e88a996c575b750483c8f562674e4b50a6ab414c7bbe6f6b641c1db7bd9
    name: cmake-data
    evr: 3.31.8-3.el9
    sourcerpm: cmake-3.31.8-3.el9.src.rpm
  - url: https://cdn-ubi.redhat.com/content/public/ubi/dist/ubi9/9/x86_64/appstream/os/Packages/c/cmake-filesystem-3.31.8-3.el9.x86_64.rpm
    repoid: ubi-9-appstream-rpms
    size: 19309
    checksum: sha256:b5ea81385a9e4e6a1ae2bb1175cd774af82f9c570a37008cde873ead466ba5f7
    name: cmake-filesystem
    evr: 3.31.8-3.el9
    sourcerpm: cmake-3.31.8-3.el9.src.rpm
  - url: https://cdn-ubi.redhat.com/content/public/ubi/dist/ubi9/9/x86_64/appstream/os/Packages/c/compiler-rt-21.1.8-2.el9.x86_64.rpm
    repoid: ubi-9-appstream-rpms
    size: 2887211
    checksum: sha256:29303ae9c424f796f2c82751bfd05ef273175a6850904956f13100f9dab90f3a
    name: compiler-rt
    evr: 21.1.8-2.el9
    sourcerpm: llvm-21.1.8-2.el9.src.rpm
  - url: https://cdn-ubi.redhat.com/content/public/ubi/dist/ubi9/9/x86_64/appstream/os/Packages/c/cpp-11.5.0-14.el9.x86_64.rpm
    repoid: ubi-9-appstream-rpms
    size: 11226193
    checksum: sha256:3c0ee1cb8b72f3f5176f8945ab518eb733ccc9f950d317fb5d5ac327d0eb9c90
    name: cpp
    evr: 11.5.0-14.el9
    sourcerpm: gcc-11.5.0-14.el9.src.rpm
  - url: https://cdn-ubi.redhat.com/content/public/ubi/dist/ubi9/9/x86_64/appstream/os/Packages/e/emacs-filesystem-27.2-18.el9.noarch.rpm
    repoid: ubi-9-appstream-rpms
    size: 9495
    checksum: sha256:49d7b88a05a72c15b78191a987e6def04fda8e2e4ff75711f715d0c0ecadc60f
    name: emacs-filesystem
    evr: 1:27.2-18.el9
    sourcerpm: emacs-27.2-18.el9.src.rpm
  - url: https://cdn-ubi.redhat.com/content/public/ubi/dist/ubi9/9/x86_64/appstream/os/Packages/g/gcc-11.5.0-14.el9.x86_64.rpm
    repoid: ubi-9-appstream-rpms
    size: 33982584
    checksum: sha256:2082784165bbb246b6e5ef5921ed823f0a9709cacdf5823aa60695fd6d4819a2
    name: gcc
    evr: 11.5.0-14.el9
    sourcerpm: gcc-11.5.0-14.el9.src.rpm
  - url: https://cdn-ubi.redhat.com/content/public/ubi/dist/ubi9/9/x86_64/appstream/os/Packages/g/gcc-c++-11.5.0-14.el9.x86_64.rpm
    repoid: ubi-9-appstream-rpms
    size: 13474286
    checksum: sha256:b073d8965ad8eed7520a2a1c9b7c961232511ad9188dcc8c92356160a9d51e37
    name: gcc-c++
    evr: 11.5.0-14.el9
    sourcerpm: gcc-11.5.0-14.el9.src.rpm
  - url: https://cdn-ubi.redhat.com/content/public/ubi/dist/ubi9/9/x86_64/appstream/os/Packages/g/gcc-toolset-14-14.0-2.el9.x86_64.rpm
    repoid: ubi-9-appstream-rpms
    size: 10548
    checksum: sha256:fd91c081a55265fe32d33db984799fad71776a58b385d2fab5573c69b5b9bf90
    name: gcc-toolset-14
    evr: 14.0-2.el9
    sourcerpm: gcc-toolset-14-14.0-2.el9.src.rpm
  - url: https://cdn-ubi.redhat.com/content/public/ubi/dist/ubi9/9/x86_64/appstream/os/Packages/g/gcc-toolset-14-annobin-docs-12.88-1.el9.noarch.rpm
    repoid: ubi-9-appstream-rpms
    size: 89636
    checksum: sha256:80d5c6c300561524fb2f855fce1867546d4452ea5c72cfb5d53f2117153e9805
    name: gcc-toolset-14-annobin-docs
    evr: 12.88-1.el9
    sourcerpm: gcc-toolset-14-annobin-12.88-1.el9.src.rpm
  - url: https://cdn-ubi.redhat.com/content/public/ubi/dist/ubi9/9/x86_64/appstream/os/Packages/g/gcc-toolset-14-annobin-plugin-gcc-12.88-1.el9.x86_64.rpm
    repoid: ubi-9-appstream-rpms
    size: 1001848
    checksum: sha256:0e5d40903d0dbd89956f16c78ad40341dc8dd3da7fb55000cca7bb5f09333086
    name: gcc-toolset-14-annobin-plugin-gcc
    evr: 12.88-1.el9
    sourcerpm: gcc-toolset-14-annobin-12.88-1.el9.src.rpm
  - url: https://cdn-ubi.redhat.com/content/public/ubi/dist/ubi9/9/x86_64/appstream/os/Packages/g/gcc-toolset-14-binutils-2.41-6.el9.x86_64.rpm
    repoid: ubi-9-appstream-rpms
    size: 6901423
    checksum: sha256:5decfcda1ae0231cd9c13706c4c0d7d816d2e8c1bbe3a291721df29c5a81a832
    name: gcc-toolset-14-binutils
    evr: 2.41-6.el9
    sourcerpm: gcc-toolset-14-binutils-2.41-6.el9.src.rpm
  - url: https://cdn-ubi.redhat.com/content/public/ubi/dist/ubi9/9/x86_64/appstream/os/Packages/g/gcc-toolset-14-dwz-0.14-1.el9.x86_64.rpm
    repoid: ubi-9-appstream-rpms
    size: 130028
    checksum: sha256:401e7ffc147e0b640c54160ad884fa0ff8aaf2f853844efa4089449bee724593
    name: gcc-toolset-14-dwz
    evr: 0.14-1.el9
    sourcerpm: gcc-toolset-14-dwz-0.14-1.el9.src.rpm
  - url: https://cdn-ubi.redhat.com/content/public/ubi/dist/ubi9/9/x86_64/appstream/os/Packages/g/gcc-toolset-14-gcc-14.2.1-13.el9.x86_64.rpm
    repoid: ubi-9-appstream-rpms
    size: 49276047
    checksum: sha256:88394bf3285516aafeb46142137eef4cfcbaec6dea65069300fa83b1b9591212
    name: gcc-toolset-14-gcc
    evr: 14.2.1-13.el9
    sourcerpm: gcc-toolset-14-gcc-14.2.1-13.el9.src.rpm
  - url: https://cdn-ubi.redhat.com/content/public/ubi/dist/ubi9/9/x86_64/appstream/os/Packages/g/gcc-toolset-14-gcc-c++-14.2.1-13.el9.x86_64.rpm
    repoid: ubi-9-appstream-rpms
    size: 15461951
    checksum: sha256:58526a393176dfb8e09febeec740e83184cb516071789640544a016c38900dec
    name: gcc-toolset-14-gcc-c++
    evr: 14.2.1-13.el9
    sourcerpm: gcc-toolset-14-gcc-14.2.1-13.el9.src.rpm
  - url: https://cdn-ubi.redhat.com/content/public/ubi/dist/ubi9/9/x86_64/appstream/os/Packages/g/gcc-toolset-14-gcc-gfortran-14.2.1-13.el9.x86_64.rpm
    repoid: ubi-9-appstream-rpms
    size: 16316399
    checksum: sha256:cfe1f8d7b41dff526d0f4557d2a174a0ca3316f09b598af00e707318941ff3c6
    name: gcc-toolset-14-gcc-gfortran
    evr: 14.2.1-13.el9
    sourcerpm: gcc-toolset-14-gcc-14.2.1-13.el9.src.rpm
  - url: https://cdn-ubi.redhat.com/content/public/ubi/dist/ubi9/9/x86_64/appstream/os/Packages/g/gcc-toolset-14-libquadmath-devel-14.2.1-13.el9.x86_64.rpm
    repoid: ubi-9-appstream-rpms
    size: 199281
    checksum: sha256:b87c01a01aca2e966d43510928f6474a1cbb5d19cffab5932c36e1f184f428e2
    name: gcc-toolset-14-libquadmath-devel
    evr: 14.2.1-13.el9
    sourcerpm: gcc-toolset-14-gcc-14.2.1-13.el9.src.rpm
  - url: https://cdn-ubi.redhat.com/content/public/ubi/dist/ubi9/9/x86_64/appstream/os/Packages/g/gcc-toolset-14-libstdc++-devel-14.2.1-13.el9.x86_64.rpm
    repoid: ubi-9-appstream-rpms
    size: 3828722
    checksum: sha256:56127110cd31f460a4cc4b42477459ad546fba010a170b3c35ca6b0922595311
    name: gcc-toolset-14-libstdc++-devel
    evr: 14.2.1-13.el9
    sourcerpm: gcc-toolset-14-gcc-14.2.1-13.el9.src.rpm
  - url: https://cdn-ubi.redhat.com/content/public/ubi/dist/ubi9/9/x86_64/appstream/os/Packages/g/gcc-toolset-14-runtime-14.0-2.el9.x86_64.rpm
    repoid: ubi-9-appstream-rpms
    size: 58568
    checksum: sha256:fd93bde11241e6ed3c9dbfad9ce9a9683645b9242ab679a7c7daeb314fdc3367
    name: gcc-toolset-14-runtime
    evr: 14.0-2.el9
    sourcerpm: gcc-toolset-14-14.0-2.el9.src.rpm
  - url: https://cdn-ubi.redhat.com/content/public/ubi/dist/ubi9/9/x86_64/appstream/os/Packages/g/gcc-toolset-15-binutils-2.44-5.el9.x86_64.rpm
    repoid: ubi-9-appstream-rpms
    size: 6198721
    checksum: sha256:6d230ef471ed2995ea3cb5eed9780e7f17f4ba95988f41acff3756007978d89d
    name: gcc-toolset-15-binutils
    evr: 2.44-5.el9
    sourcerpm: gcc-toolset-15-binutils-2.44-5.el9.src.rpm
  - url: https://cdn-ubi.redhat.com/content/public/ubi/dist/ubi9/9/x86_64/appstream/os/Packages/g/gcc-toolset-15-gcc-15.2.1-7.1.el9_8.x86_64.rpm
    repoid: ubi-9-appstream-rpms
    size: 54282132
    checksum: sha256:64fea64a38e095f75e929e0cf0e85a93bb978dc2afe0cd83f4af5415549fc259
    name: gcc-toolset-15-gcc
    evr: 15.2.1-7.1.el9_8
    sourcerpm: gcc-toolset-15-gcc-15.2.1-7.1.el9_8.src.rpm
  - url: https://cdn-ubi.redhat.com/content/public/ubi/dist/ubi9/9/x86_64/appstream/os/Packages/g/gcc-toolset-15-gcc-c++-15.2.1-7.1.el9_8.x86_64.rpm
    repoid: ubi-9-appstream-rpms
    size: 17108710
    checksum: sha256:bc0a9ab7188a36a022047d1f83a3b80d5c6b29b8762250726391990a6cf47dba
    name: gcc-toolset-15-gcc-c++
    evr: 15.2.1-7.1.el9_8
    sourcerpm: gcc-toolset-15-gcc-15.2.1-7.1.el9_8.src.rpm
  - url: https://cdn-ubi.redhat.com/content/public/ubi/dist/ubi9/9/x86_64/appstream/os/Packages/g/gcc-toolset-15-libatomic-devel-15.2.1-7.1.el9_8.x86_64.rpm
    repoid: ubi-9-appstream-rpms
    size: 37347
    checksum: sha256:ef7ccc962fd7219318a6b824614a4c77599cfa110724507c687b83a999b6a773
    name: gcc-toolset-15-libatomic-devel
    evr: 15.2.1-7.1.el9_8
    sourcerpm: gcc-toolset-15-gcc-15.2.1-7.1.el9_8.src.rpm
  - url: https://cdn-ubi.redhat.com/content/public/ubi/dist/ubi9/9/x86_64/appstream/os/Packages/g/gcc-toolset-15-libstdc++-devel-15.2.1-7.1.el9_8.x86_64.rpm
    repoid: ubi-9-appstream-rpms
    size: 3994173
    checksum: sha256:ea2e288330c49cd34dde9c681957ee9deac567eb1c7d235f72abebee987d4569
    name: gcc-toolset-15-libstdc++-devel
    evr: 15.2.1-7.1.el9_8
    sourcerpm: gcc-toolset-15-gcc-15.2.1-7.1.el9_8.src.rpm
  - url: https://cdn-ubi.redhat.com/content/public/ubi/dist/ubi9/9/x86_64/appstream/os/Packages/g/gcc-toolset-15-runtime-15.0-9.el9.x86_64.rpm
    repoid: ubi-9-appstream-rpms
    size: 54379
    checksum: sha256:61549a047ab9510897119b3d7191be6f1a2d4ddaa45163a08e82daa0e653c0bf
    name: gcc-toolset-15-runtime
    evr: 15.0-9.el9
    sourcerpm: gcc-toolset-15-15.0-9.el9.src.rpm
  - url: https://cdn-ubi.redhat.com/content/public/ubi/dist/ubi9/9/x86_64/appstream/os/Packages/g/git-core-2.52.0-1.el9.x86_64.rpm
    repoid: ubi-9-appstream-rpms
    size: 5293286
    checksum: sha256:6264aa556d583604f34def3674f5830a70cfee0aac283719e4df295db38acb53
    name: git-core
    evr: 2.52.0-1.el9
    sourcerpm: git-2.52.0-1.el9.src.rpm
  - url: https://cdn-ubi.redhat.com/content/public/ubi/dist/ubi9/9/x86_64/appstream/os/Packages/g/glibc-devel-2.34-274.el9_8.x86_64.rpm
    repoid: ubi-9-appstream-rpms
    size: 46571
    checksum: sha256:e6176ffaf004619a3c4c6d69fc3499a90697cfea221c46e014d605e452bb859d
    name: glibc-devel
    evr: 2.34-274.el9_8
    sourcerpm: glibc-2.34-274.el9_8.src.rpm
  - url: https://cdn-ubi.redhat.com/content/public/ubi/dist/ubi9/9/x86_64/appstream/os/Packages/g/glibc-headers-2.34-274.el9_8.x86_64.rpm
    repoid: ubi-9-appstream-rpms
    size: 567160
    checksum: sha256:98c8a2b2939f7decf299713dd4625c1ca1e8a3b536d6607db3cde04e32799bcd
    name: glibc-headers
    evr: 2.34-274.el9_8
    sourcerpm: glibc-2.34-274.el9_8.src.rpm
  - url: https://cdn-ubi.redhat.com/content/public/ubi/dist/ubi9/9/x86_64/appstream/os/Packages/k/kernel-headers-5.14.0-687.30.1.el9_8.x86_64.rpm
    repoid: ubi-9-appstream-rpms
    size: 2898657
    checksum: sha256:070047e3c5c86402a72e56e2cf71b77407f2f56c4a4cc55d321ceeb3059a3cda
    name: kernel-headers
    evr: 5.14.0-687.30.1.el9_8
    sourcerpm: kernel-5.14.0-687.30.1.el9_8.src.rpm
  - url: https://cdn-ubi.redhat.com/content/public/ubi/dist/ubi9/9/x86_64/appstream/os/Packages/l/libedit-devel-3.1-39.20210216cvs.el9.x86_64.rpm
    repoid: ubi-9-appstream-rpms
    size: 54318
    checksum: sha256:2ffb25f591c2df48d9c2b189c925cc1d2930e998239a8aa21fefad852d22a6a9
    name: libedit-devel
    evr: 3.1-39.20210216cvs.el9
    sourcerpm: libedit-3.1-39.20210216cvs.el9.src.rpm
  - url: https://cdn-ubi.redhat.com/content/public/ubi/dist/ubi9/9/x86_64/appstream/os/Packages/l/libmpc-1.2.1-4.el9.x86_64.rpm
    repoid: ubi-9-appstream-rpms
    size: 66075
    checksum: sha256:b97b4e98c3c6f41dcfc2ceb4ffa1aba7a338b7cfd9e6c4f63e3160dd3cc033d3
    name: libmpc
    evr: 1.2.1-4.el9
    sourcerpm: libmpc-1.2.1-4.el9.src.rpm
  - url: https://cdn-ubi.redhat.com/content/public/ubi/dist/ubi9/9/x86_64/appstream/os/Packages/l/libomp-21.1.8-2.el9.x86_64.rpm
    repoid: ubi-9-appstream-rpms
    size: 863958
    checksum: sha256:8953b4c466290476f82836fa204bccef5760d01fe1120c8691c8aa8f42d35642
    name: libomp
    evr: 21.1.8-2.el9
    sourcerpm: llvm-21.1.8-2.el9.src.rpm
  - url: https://cdn-ubi.redhat.com/content/public/ubi/dist/ubi9/9/x86_64/appstream/os/Packages/l/libomp-devel-21.1.8-2.el9.x86_64.rpm
    repoid: ubi-9-appstream-rpms
    size: 280569
    checksum: sha256:c488e65e6a3298ec444eba093b0a40b2173633ff3953ac5f25f7da8ef593e1da
    name: libomp-devel
    evr: 21.1.8-2.el9
    sourcerpm: llvm-21.1.8-2.el9.src.rpm
  - url: https://cdn-ubi.redhat.com/content/public/ubi/dist/ubi9/9/x86_64/appstream/os/Packages/l/libstdc++-devel-11.5.0-14.el9.x86_64.rpm
    repoid: ubi-9-appstream-rpms
    size: 2524816
    checksum: sha256:2d031d05fe073adc74919b8372763ae322615d9df23f4a2c642050ab4b389ce5
    name: libstdc++-devel
    evr: 11.5.0-14.el9
    sourcerpm: gcc-11.5.0-14.el9.src.rpm
  - url: https://cdn-ubi.redhat.com/content/public/ubi/dist/ubi9/9/x86_64/appstream/os/Packages/l/libuv-1.42.0-2.el9_4.x86_64.rpm
    repoid: ubi-9-appstream-rpms
    size: 154427
    checksum: sha256:e1fab39251239ccaad2fb4dbe6c55ec1ae60f76d4ae81582b06e6a58e30879b2
    name: libuv
    evr: 1:1.42.0-2.el9_4
    sourcerpm: libuv-1.42.0-2.el9_4.src.rpm
  - url: https://cdn-ubi.redhat.com/content/public/ubi/dist/ubi9/9/x86_64/appstream/os/Packages/l/libxcrypt-devel-4.4.18-3.el9.x86_64.rpm
    repoid: ubi-9-appstream-rpms
    size: 33101
    checksum: sha256:c1d171391a7d2e043a6953efd3df3e01edc9b4c6cdb54517e1608d204a5fce18
    name: libxcrypt-devel
    evr: 4.4.18-3.el9
    sourcerpm: libxcrypt-4.4.18-3.el9.src.rpm
  - url: https://cdn-ubi.redhat.com/content/public/ubi/dist/ubi9/9/x86_64/appstream/os/Packages/l/libzstd-devel-1.5.5-1.el9.x86_64.rpm
    repoid: ubi-9-appstream-rpms
    size: 53219
    checksum: sha256:5eff37e589fce787982840ace9bd4fa9a869287b186727be87d829e525e16624
    name: libzstd-devel
    evr: 1.5.5-1.el9
    sourcerpm: zstd-1.5.5-1.el9.src.rpm
  - url: https://cdn-ubi.redhat.com/content/public/ubi/dist/ubi9/9/x86_64/appstream/os/Packages/l/llvm-21.1.8-2.el9.x86_64.rpm
    repoid: ubi-9-appstream-rpms
    size: 25095576
    checksum: sha256:f8c20cee6bf4384b2e7f878c4497471f93f2335e07a31fc692e479ed72301a12
    name: llvm
    evr: 21.1.8-2.el9
    sourcerpm: llvm-21.1.8-2.el9.src.rpm
  - url: https://cdn-ubi.redhat.com/content/public/ubi/dist/ubi9/9/x86_64/appstream/os/Packages/l/llvm-devel-21.1.8-2.el9.x86_64.rpm
    repoid: ubi-9-appstream-rpms
    size: 6395510
    checksum: sha256:e921941858f2e6cea6665bbb12c3856d1f6fec2cad215538dcd1ad3a6652c64b
    name: llvm-devel
    evr: 21.1.8-2.el9
    sourcerpm: llvm-21.1.8-2.el9.src.rpm
  - url: https://cdn-ubi.redhat.com/content/public/ubi/dist/ubi9/9/x86_64/appstream/os/Packages/l/llvm-filesystem-21.1.8-2.el9.x86_64.rpm
    repoid: ubi-9-appstream-rpms
    size: 20224
    checksum: sha256:b54fc55927e26da6954bbf9a396735a2a29383b15fe9e3d70b9d24cd90b1c500
    name: llvm-filesystem
    evr: 21.1.8-2.el9
    sourcerpm: llvm-21.1.8-2.el9.src.rpm
  - url: https://cdn-ubi.redhat.com/content/public/ubi/dist/ubi9/9/x86_64/appstream/os/Packages/l/llvm-googletest-21.1.8-2.el9.x86_64.rpm
    repoid: ubi-9-appstream-rpms
    size: 472823
    checksum: sha256:67371a6df47643a3881eaeaf5ac490639953b14dd1b21b66fb73dc677e0f17df
    name: llvm-googletest
    evr: 21.1.8-2.el9
    sourcerpm: llvm-21.1.8-2.el9.src.rpm
  - url: https://cdn-ubi.redhat.com/content/public/ubi/dist/ubi9/9/x86_64/appstream/os/Packages/l/llvm-libs-21.1.8-2.el9.x86_64.rpm
    repoid: ubi-9-appstream-rpms
    size: 32586819
    checksum: sha256:6c71c84a680f89a551b312eac90c9ae2899c3bdfaacdc809e39d7da968657d5a
    name: llvm-libs
    evr: 21.1.8-2.el9
    sourcerpm: llvm-21.1.8-2.el9.src.rpm
  - url: https://cdn-ubi.redhat.com/content/public/ubi/dist/ubi9/9/x86_64/appstream/os/Packages/l/llvm-static-21.1.8-2.el9.x86_64.rpm
    repoid: ubi-9-appstream-rpms
    size: 47099677
    checksum: sha256:017f7ceabd6fd81e284b3506b220785b44928c852de13d0d1da1a07d6778d391
    name: llvm-static
    evr: 21.1.8-2.el9
    sourcerpm: llvm-21.1.8-2.el9.src.rpm
  - url: https://cdn-ubi.redhat.com/content/public/ubi/dist/ubi9/9/x86_64/appstream/os/Packages/l/llvm-test-21.1.8-2.el9.x86_64.rpm
    repoid: ubi-9-appstream-rpms
    size: 774709
    checksum: sha256:e9461f6b89564ba94cc6bee94e480d6aeffd4bca4d913fea2f2a6d4e01677f5d
    name: llvm-test
    evr: 21.1.8-2.el9
    sourcerpm: llvm-21.1.8-2.el9.src.rpm
  - url: https://cdn-ubi.redhat.com/content/public/ubi/dist/ubi9/9/x86_64/appstream/os/Packages/n/ncurses-c++-libs-6.2-12.20210508.el9.x86_64.rpm
    repoid: ubi-9-appstream-rpms
    size: 38116
    checksum: sha256:e9538f14a6430ca3a637ff753a421cb5ba6fae5594ad5178ce90b81d7be6a230
    name: ncurses-c++-libs
    evr: 6.2-12.20210508.el9
    sourcerpm: ncurses-6.2-12.20210508.el9.src.rpm
  - url: https://cdn-ubi.redhat.com/content/public/ubi/dist/ubi9/9/x86_64/appstream/os/Packages/n/ncurses-devel-6.2-12.20210508.el9.x86_64.rpm
    repoid: ubi-9-appstream-rpms
    size: 745592
    checksum: sha256:c5edeb1aebfe38d19b91b493503efccbc8baebbef505023e114ee51547985a9d
    name: ncurses-devel
    evr: 6.2-12.20210508.el9
    sourcerpm: ncurses-6.2-12.20210508.el9.src.rpm
  - url: https://cdn-ubi.redhat.com/content/public/ubi/dist/ubi9/9/x86_64/appstream/os/Packages/o/openssl-devel-3.5.5-6.el9_8.x86_64.rpm
    repoid: ubi-9-appstream-rpms
    size: 5029526
    checksum: sha256:84e54b3467ecfe70c75688f28dbc0e071e268d845db17b28a1f35a35d45640cd
    name: openssl-devel
    evr: 1:3.5.5-6.el9_8
    sourcerpm: openssl-3.5.5-6.el9_8.src.rpm
  - url: https://cdn-ubi.redhat.com/content/public/ubi/dist/ubi9/9/x86_64/appstream/os/Packages/p/policycoreutils-python-utils-3.6-5.el9.noarch.rpm
    repoid: ubi-9-appstream-rpms
    size: 84137
    checksum: sha256:fae42a122e2848cfe99736012348f9c008c4d35e818e72e590e993e58d9858ad
    name: policycoreutils-python-utils
    evr: 3.6-5.el9
    sourcerpm: policycoreutils-3.6-5.el9.src.rpm
  - url: https://cdn-ubi.redhat.com/content/public/ubi/dist/ubi9/9/x86_64/appstream/os/Packages/p/python3-audit-3.1.5-8.el9.x86_64.rpm
    repoid: ubi-9-appstream-rpms
    size: 90891
    checksum: sha256:493229df98414e566fd0e16e06058e7902329f0b188ced24c8d434d2e097ec82
    name: python3-audit
    evr: 3.1.5-8.el9
    sourcerpm: audit-3.1.5-8.el9.src.rpm
  - url: https://cdn-ubi.redhat.com/content/public/ubi/dist/ubi9/9/x86_64/appstream/os/Packages/p/python3-distro-1.5.0-7.el9.noarch.rpm
    repoid: ubi-9-appstream-rpms
    size: 41452
    checksum: sha256:5cf4276217a72649895226707d4c0e3edd6ea64b66702793fab3907177c73069
    name: python3-distro
    evr: 1.5.0-7.el9
    sourcerpm: python-distro-1.5.0-7.el9.src.rpm
  - url: https://cdn-ubi.redhat.com/content/public/ubi/dist/ubi9/9/x86_64/appstream/os/Packages/p/python3-libselinux-3.6-3.el9.x86_64.rpm
    repoid: ubi-9-appstream-rpms
    size: 196472
    checksum: sha256:7af821a0ee7c7b56df79de25fe35cc2d0fd6f45df5c3bcec2c5e72d7378ba265
    name: python3-libselinux
    evr: 3.6-3.el9
    sourcerpm: libselinux-3.6-3.el9.src.rpm
  - url: https://cdn-ubi.redhat.com/content/public/ubi/dist/ubi9/9/x86_64/appstream/os/Packages/p/python3-libsemanage-3.6-5.el9_6.x86_64.rpm
    repoid: ubi-9-appstream-rpms
    size: 82730
    checksum: sha256:8a17df19f0ff5dbb98fe608999cb2370983d8565658df01d0993b3028cbf28d6
    name: python3-libsemanage
    evr: 3.6-5.el9_6
    sourcerpm: libsemanage-3.6-5.el9_6.src.rpm
  - url: https://cdn-ubi.redhat.com/content/public/ubi/dist/ubi9/9/x86_64/appstream/os/Packages/p/python3-policycoreutils-3.6-5.el9.noarch.rpm
    repoid: ubi-9-appstream-rpms
    size: 2219410
    checksum: sha256:eb5d83e26cee47b23b4b802d98cae521f41d8d0d8451a9e5029cd9b5016dd00b
    name: python3-policycoreutils
    evr: 3.6-5.el9
    sourcerpm: policycoreutils-3.6-5.el9.src.rpm
  - url: https://cdn-ubi.redhat.com/content/public/ubi/dist/ubi9/9/x86_64/appstream/os/Packages/r/rust-1.92.0-1.el9.x86_64.rpm
    repoid: ubi-9-appstream-rpms
    size: 31511504
    checksum: sha256:fbc70b11f38999206d70a104789d1f7f21ca9f9090c7a73d6db337bff4f5205b
    name: rust
    evr: 1.92.0-1.el9
    sourcerpm: rust-1.92.0-1.el9.src.rpm
  - url: https://cdn-ubi.redhat.com/content/public/ubi/dist/ubi9/9/x86_64/appstream/os/Packages/r/rust-std-static-1.92.0-1.el9.x86_64.rpm
    repoid: ubi-9-appstream-rpms
    size: 42991765
    checksum: sha256:d286394aaa75a796a06db130d2a980bee8e6ab4cbaa38a3b84e12379fbae4671
    name: rust-std-static
    evr: 1.92.0-1.el9
    sourcerpm: rust-1.92.0-1.el9.src.rpm
  - url: https://cdn-ubi.redhat.com/content/public/ubi/dist/ubi9/9/x86_64/appstream/os/Packages/s/scl-utils-2.0.3-4.el9.x86_64.rpm
    repoid: ubi-9-appstream-rpms
    size: 42223
    checksum: sha256:164d245bec95c7dcbba881fd88ee567bc6d5859329c91ae05a6ad5429700bdbc
    name: scl-utils
    evr: 1:2.0.3-4.el9
    sourcerpm: scl-utils-2.0.3-4.el9.src.rpm
  - url: https://cdn-ubi.redhat.com/content/public/ubi/dist/ubi9/9/x86_64/baseos/os/Packages/a/audit-libs-3.1.5-8.el9.x86_64.rpm
    repoid: ubi-9-baseos-rpms
    size: 130600
    checksum: sha256:637ac2995ce1a6c222772b60f6bc6e6f2829355d2c88dfb1262fb76146d985ae
    name: audit-libs
    evr: 3.1.5-8.el9
    sourcerpm: audit-3.1.5-8.el9.src.rpm
  - url: https://cdn-ubi.redhat.com/content/public/ubi/dist/ubi9/9/x86_64/baseos/os/Packages/b/binutils-2.35.2-72.el9.x86_64.rpm
    repoid: ubi-9-baseos-rpms
    size: 4821853
    checksum: sha256:bda706d43bf47267e31db8ac62fe3206122f97ff035daa6c93ce9cd5063a63ca
    name: binutils
    evr: 2.35.2-72.el9
    sourcerpm: binutils-2.35.2-72.el9.src.rpm
  - url: https://cdn-ubi.redhat.com/content/public/ubi/dist/ubi9/9/x86_64/baseos/os/Packages/b/binutils-gold-2.35.2-72.el9.x86_64.rpm
    repoid: ubi-9-baseos-rpms
    size: 758393
    checksum: sha256:4d429d1030d8e1c610ba5aea83f8c63090033f440b2c8f788f0e0acd4a3c51b3
    name: binutils-gold
    evr: 2.35.2-72.el9
    sourcerpm: binutils-2.35.2-72.el9.src.rpm
  - url: https://cdn-ubi.redhat.com/content/public/ubi/dist/ubi9/9/x86_64/baseos/os/Packages/d/diffutils-3.7-12.el9.x86_64.rpm
    repoid: ubi-9-baseos-rpms
    size: 411559
    checksum: sha256:2d4c4fdfc10215af3c957c24995b79a26e27e6d76de4ed1f5198d25bf7ef9671
    name: diffutils
    evr: 3.7-12.el9
    sourcerpm: diffutils-3.7-12.el9.src.rpm
  - url: https://cdn-ubi.redhat.com/content/public/ubi/dist/ubi9/9/x86_64/baseos/os/Packages/e/elfutils-debuginfod-client-0.194-1.el9.x86_64.rpm
    repoid: ubi-9-baseos-rpms
    size: 43826
    checksum: sha256:1635fd1ecaa9492fa925956dfd56d10063ca336619218f124ab45df0a38b41b0
    name: elfutils-debuginfod-client
    evr: 0.194-1.el9
    sourcerpm: elfutils-0.194-1.el9.src.rpm
  - url: https://cdn-ubi.redhat.com/content/public/ubi/dist/ubi9/9/x86_64/baseos/os/Packages/e/elfutils-libelf-0.194-1.el9.x86_64.rpm
    repoid: ubi-9-baseos-rpms
    size: 205864
    checksum: sha256:00bbe4776149d8ccedcdf19dd6ceb08c3bb42ff41b98d744abe101af0b11a6c5
    name: elfutils-libelf
    evr: 0.194-1.el9
    sourcerpm: elfutils-0.194-1.el9.src.rpm
  - url: https://cdn-ubi.redhat.com/content/public/ubi/dist/ubi9/9/x86_64/baseos/os/Packages/e/elfutils-libs-0.194-1.el9.x86_64.rpm
    repoid: ubi-9-baseos-rpms
    size: 274670
    checksum: sha256:ad4f6d425cbc975cead56a2c982e38b0146d00944cbd9b3072d3d1f1271237a5
    name: elfutils-libs
    evr: 0.194-1.el9
    sourcerpm: elfutils-0.194-1.el9.src.rpm
  - url: https://cdn-ubi.redhat.com/content/public/ubi/dist/ubi9/9/x86_64/baseos/os/Packages/e/environment-modules-5.3.0-2.el9.x86_64.rpm
    repoid: ubi-9-baseos-rpms
    size: 604214
    checksum: sha256:abee5229dce8c09f567626c0a6d741e8e3b30f8fd54d860365a25bec901cd680
    name: environment-modules
    evr: 5.3.0-2.el9
    sourcerpm: environment-modules-5.3.0-2.el9.src.rpm
  - url: https://cdn-ubi.redhat.com/content/public/ubi/dist/ubi9/9/x86_64/baseos/os/Packages/g/glibc-2.34-274.el9_8.x86_64.rpm
    repoid: ubi-9-baseos-rpms
    size: 2083155
    checksum: sha256:3a68581527ea2aa67a57610951bd9722019cc32db691cace00dc7478cab312ec
    name: glibc
    evr: 2.34-274.el9_8
    sourcerpm: glibc-2.34-274.el9_8.src.rpm
  - url: https://cdn-ubi.redhat.com/content/public/ubi/dist/ubi9/9/x86_64/baseos/os/Packages/g/glibc-common-2.34-274.el9_8.x86_64.rpm
    repoid: ubi-9-baseos-rpms
    size: 321676
    checksum: sha256:d741ab036ed8b97022052adb291a749a0ca1d5e492bd906aa7da95af9866bd2b
    name: glibc-common
    evr: 2.34-274.el9_8
    sourcerpm: glibc-2.34-274.el9_8.src.rpm
  - url: https://cdn-ubi.redhat.com/content/public/ubi/dist/ubi9/9/x86_64/baseos/os/Packages/g/glibc-langpack-en-2.34-274.el9_8.x86_64.rpm
    repoid: ubi-9-baseos-rpms
    size: 684459
    checksum: sha256:1491343a7653599e4fbea03780731c6777df85dc998bafb237658cde3728b663
    name: glibc-langpack-en
    evr: 2.34-274.el9_8
    sourcerpm: glibc-2.34-274.el9_8.src.rpm
  - url: https://cdn-ubi.redhat.com/content/public/ubi/dist/ubi9/9/x86_64/baseos/os/Packages/g/glibc-minimal-langpack-2.34-274.el9_8.x86_64.rpm
    repoid: ubi-9-baseos-rpms
    size: 30969
    checksum: sha256:da6b677193283cedf470f17894638ef1a633c114e4b51464c49548a19166a68e
    name: glibc-minimal-langpack
    evr: 2.34-274.el9_8
    sourcerpm: glibc-2.34-274.el9_8.src.rpm
  - url: https://cdn-ubi.redhat.com/content/public/ubi/dist/ubi9/9/x86_64/baseos/os/Packages/g/groff-base-1.22.4-10.el9.x86_64.rpm
    repoid: ubi-9-baseos-rpms
    size: 1133828
    checksum: sha256:4d8ff13569b3b231b3fb847e9e22615c6e08215d1f2c0c78eac2e345b9efd394
    name: groff-base
    evr: 1.22.4-10.el9
    sourcerpm: groff-1.22.4-10.el9.src.rpm
  - url: https://cdn-ubi.redhat.com/content/public/ubi/dist/ubi9/9/x86_64/baseos/os/Packages/i/info-6.7-15.el9.x86_64.rpm
    repoid: ubi-9-baseos-rpms
    size: 233806
    checksum: sha256:3643f98b45cc973073096608aaa45976d722fe284590ff7c1d5f93ad77ba0f8b
    name: info
    evr: 6.7-15.el9
    sourcerpm: texinfo-6.7-15.el9.src.rpm
  - url: https://cdn-ubi.redhat.com/content/public/ubi/dist/ubi9/9/x86_64/baseos/os/Packages/j/jansson-2.14-1.el9.x86_64.rpm
    repoid: ubi-9-baseos-rpms
    size: 49137
    checksum: sha256:4e9aec51ee46d7265d6edd1245b5d5ab5e8336dc2a4ca17f2cace2ce8bae3761
    name: jansson
    evr: 2.14-1.el9
    sourcerpm: jansson-2.14-1.el9.src.rpm
  - url: https://cdn-ubi.redhat.com/content/public/ubi/dist/ubi9/9/x86_64/baseos/os/Packages/l/less-590-6.el9.x86_64.rpm
    repoid: ubi-9-baseos-rpms
    size: 166025
    checksum: sha256:5bd040f9dd813167935fc390d546c119d90e0a9c77447a3d9ed1ef69c6f5a32a
    name: less
    evr: 590-6.el9
    sourcerpm: less-590-6.el9.src.rpm
  - url: https://cdn-ubi.redhat.com/content/public/ubi/dist/ubi9/9/x86_64/baseos/os/Packages/l/libatomic-11.5.0-14.el9.x86_64.rpm
    repoid: ubi-9-baseos-rpms
    size: 23497
    checksum: sha256:737264639167a5806a10f2057d77f5a47f38931a83518218dc40f5d8392f1c2b
    name: libatomic
    evr: 11.5.0-14.el9
    sourcerpm: gcc-11.5.0-14.el9.src.rpm
  - url: https://cdn-ubi.redhat.com/content/public/ubi/dist/ubi9/9/x86_64/baseos/os/Packages/l/libcbor-0.7.0-5.el9.x86_64.rpm
    repoid: ubi-9-baseos-rpms
    size: 60575
    checksum: sha256:588e8736af3376abfb3cdf372c10baef02c40d916a55958f3bee9767f9ad8526
    name: libcbor
    evr: 0.7.0-5.el9
    sourcerpm: libcbor-0.7.0-5.el9.src.rpm
  - url: https://cdn-ubi.redhat.com/content/public/ubi/dist/ubi9/9/x86_64/baseos/os/Packages/l/libedit-3.1-39.20210216cvs.el9.x86_64.rpm
    repoid: ubi-9-baseos-rpms
    size: 112056
    checksum: sha256:65a730688dfea27934b75af3acf30150c6d254c89d8b68b63233ae7f8b6c9b94
    name: libedit
    evr: 3.1-39.20210216cvs.el9
    sourcerpm: libedit-3.1-39.20210216cvs.el9.src.rpm
  - url: https://cdn-ubi.redhat.com/content/public/ubi/dist/ubi9/9/x86_64/baseos/os/Packages/l/libfido2-1.13.0-2.el9.x86_64.rpm
    repoid: ubi-9-baseos-rpms
    size: 102746
    checksum: sha256:6da940c0528f3e4453db84cb85b402c8f4293a197b1921158df9651edb4845e0
    name: libfido2
    evr: 1.13.0-2.el9
    sourcerpm: libfido2-1.13.0-2.el9.src.rpm
  - url: https://cdn-ubi.redhat.com/content/public/ubi/dist/ubi9/9/x86_64/baseos/os/Packages/l/libgcc-11.5.0-14.el9.x86_64.rpm
    repoid: ubi-9-baseos-rpms
    size: 87280
    checksum: sha256:77c66827ffc14df2f43612b26128b1fd58d5c9597d4d4e564aa239b161272872
    name: libgcc
    evr: 11.5.0-14.el9
    sourcerpm: gcc-11.5.0-14.el9.src.rpm
  - url: https://cdn-ubi.redhat.com/content/public/ubi/dist/ubi9/9/x86_64/baseos/os/Packages/l/libgfortran-11.5.0-14.el9.x86_64.rpm
    repoid: ubi-9-baseos-rpms
    size: 813380
    checksum: sha256:11d2f1c6c2ca35bdf7e866e80615d17d10601bc512905c8ef4f74ff8b0a3015a
    name: libgfortran
    evr: 11.5.0-14.el9
    sourcerpm: gcc-11.5.0-14.el9.src.rpm
  - url: https://cdn-ubi.redhat.com/content/public/ubi/dist/ubi9/9/x86_64/baseos/os/Packages/l/libgomp-11.5.0-14.el9.x86_64.rpm
    repoid: ubi-9-baseos-rpms
    size: 263723
    checksum: sha256:87b9a7316760374111290e6e4c76ee4d093566f08a7c7c91ad7827c5948afb69
    name: libgomp
    evr: 11.5.0-14.el9
    sourcerpm: gcc-11.5.0-14.el9.src.rpm
  - url: https://cdn-ubi.redhat.com/content/public/ubi/dist/ubi9/9/x86_64/baseos/os/Packages/l/libpipeline-1.5.3-4.el9.x86_64.rpm
    repoid: ubi-9-baseos-rpms
    size: 52912
    checksum: sha256:c972030a8fbaa2d981f0e5fdfc42d6d5173dd047c94d86ab7732e3e53fc4e97a
    name: libpipeline
    evr: 1.5.3-4.el9
    sourcerpm: libpipeline-1.5.3-4.el9.src.rpm
  - url: https://cdn-ubi.redhat.com/content/public/ubi/dist/ubi9/9/x86_64/baseos/os/Packages/l/libpkgconf-1.7.3-10.el9.x86_64.rpm
    repoid: ubi-9-baseos-rpms
    size: 38387
    checksum: sha256:4feae5941b73640bd86b8d506a657cac5b770043db1464fbcd207721b2159dda
    name: libpkgconf
    evr: 1.7.3-10.el9
    sourcerpm: pkgconf-1.7.3-10.el9.src.rpm
  - url: https://cdn-ubi.redhat.com/content/public/ubi/dist/ubi9/9/x86_64/baseos/os/Packages/l/libquadmath-11.5.0-14.el9.x86_64.rpm
    repoid: ubi-9-baseos-rpms
    size: 188925
    checksum: sha256:6fd5a850dc8e0a5b17c95089a8da0319beb8bf6ba68b633366d509458b332448
    name: libquadmath
    evr: 11.5.0-14.el9
    sourcerpm: gcc-11.5.0-14.el9.src.rpm
  - url: https://cdn-ubi.redhat.com/content/public/ubi/dist/ubi9/9/x86_64/baseos/os/Packages/l/libselinux-utils-3.6-3.el9.x86_64.rpm
    repoid: ubi-9-baseos-rpms
    size: 198410
    checksum: sha256:e5d79885864cd5b2a307065b43ba1af1523ec7ac26eace2717c70ede1b6e4c56
    name: libselinux-utils
    evr: 3.6-3.el9
    sourcerpm: libselinux-3.6-3.el9.src.rpm
  - url: https://cdn-ubi.redhat.com/content/public/ubi/dist/ubi9/9/x86_64/baseos/os/Packages/l/libstdc++-11.5.0-14.el9.x86_64.rpm
    repoid: ubi-9-baseos-rpms
    size: 763021
    checksum: sha256:513df35338962e053052b9d52429e8a5f3d60dfe6b1757cd9faaf61d6abda955
    name: libstdc++
    evr: 11.5.0-14.el9
    sourcerpm: gcc-11.5.0-14.el9.src.rpm
  - url: https://cdn-ubi.redhat.com/content/public/ubi/dist/ubi9/9/x86_64/baseos/os/Packages/m/make-4.3-8.el9.x86_64.rpm
    repoid: ubi-9-baseos-rpms
    size: 553896
    checksum: sha256:561f0c2251e9217c81a6c88de4d2d9231a039aaab37e8a0d2559d36ce9fa85fd
    name: make
    evr: 1:4.3-8.el9
    sourcerpm: make-4.3-8.el9.src.rpm
  - url: https://cdn-ubi.redhat.com/content/public/ubi/dist/ubi9/9/x86_64/baseos/os/Packages/m/man-db-2.9.3-9.el9.x86_64.rpm
    repoid: ubi-9-baseos-rpms
    size: 1239738
    checksum: sha256:e808c97dbacfb05e1d9096fb062e1851201307ac80b63f57b561c9234141f550
    name: man-db
    evr: 2.9.3-9.el9
    sourcerpm: man-db-2.9.3-9.el9.src.rpm
  - url: https://cdn-ubi.redhat.com/content/public/ubi/dist/ubi9/9/x86_64/baseos/os/Packages/n/ncurses-base-6.2-12.20210508.el9.noarch.rpm
    repoid: ubi-9-baseos-rpms
    size: 97840
    checksum: sha256:d62dfd41f9688efa2cf1ceedb96084c63e297fbdcfd1e72bc6757c730092b60c
    name: ncurses-base
    evr: 6.2-12.20210508.el9
    sourcerpm: ncurses-6.2-12.20210508.el9.src.rpm
  - url: https://cdn-ubi.redhat.com/content/public/ubi/dist/ubi9/9/x86_64/baseos/os/Packages/n/ncurses-libs-6.2-12.20210508.el9.x86_64.rpm
    repoid: ubi-9-baseos-rpms
    size: 336270
    checksum: sha256:f3e1f8e59c7116278aa19b6705a1443f6307d4d6fbdde75a23d2f5d60636cb16
    name: ncurses-libs
    evr: 6.2-12.20210508.el9
    sourcerpm: ncurses-6.2-12.20210508.el9.src.rpm
  - url: https://cdn-ubi.redhat.com/content/public/ubi/dist/ubi9/9/x86_64/baseos/os/Packages/o/openssh-9.9p1-7.el9_8.x86_64.rpm
    repoid: ubi-9-baseos-rpms
    size: 442163
    checksum: sha256:e699c3fd161d4741658320f10064bb82ab7530d07d3d34850142ccc102ce7c82
    name: openssh
    evr: 9.9p1-7.el9_8
    sourcerpm: openssh-9.9p1-7.el9_8.src.rpm
  - url: https://cdn-ubi.redhat.com/content/public/ubi/dist/ubi9/9/x86_64/baseos/os/Packages/o/openssh-clients-9.9p1-7.el9_8.x86_64.rpm
    repoid: ubi-9-baseos-rpms
    size: 798466
    checksum: sha256:5663973f870ce57e55bb94e94b84ff020d6b24cbaabdca9fed99665f6513c847
    name: openssh-clients
    evr: 9.9p1-7.el9_8
    sourcerpm: openssh-9.9p1-7.el9_8.src.rpm
  - url: https://cdn-ubi.redhat.com/content/public/ubi/dist/ubi9/9/x86_64/baseos/os/Packages/o/openssl-3.5.5-6.el9_8.x86_64.rpm
    repoid: ubi-9-baseos-rpms
    size: 1564334
    checksum: sha256:1c502507f42674119318b66b111448f618efe2767a55edde5fadddcecb47ac64
    name: openssl
    evr: 1:3.5.5-6.el9_8
    sourcerpm: openssl-3.5.5-6.el9_8.src.rpm
  - url: https://cdn-ubi.redhat.com/content/public/ubi/dist/ubi9/9/x86_64/baseos/os/Packages/o/openssl-fips-provider-3.0.7-11.el9_8.x86_64.rpm
    repoid: ubi-9-baseos-rpms
    size: 14256
    checksum: sha256:c00860e9c5a1d90488aa2eb65fe41f62926b38c6b3669d331a8b97e4a60223ac
    name: openssl-fips-provider
    evr: 3.0.7-11.el9_8
    sourcerpm: openssl-fips-provider-3.0.7-11.el9_8.src.rpm
  - url: https://cdn-ubi.redhat.com/content/public/ubi/dist/ubi9/9/x86_64/baseos/os/Packages/o/openssl-fips-provider-so-3.0.7-11.el9_8.x86_64.rpm
    repoid: ubi-9-baseos-rpms
    size: 595008
    checksum: sha256:60d36ad3a67d6b00e67bb0a19c0902fbb2ecdd873cf7f280a3039d04a092790c
    name: openssl-fips-provider-so
    evr: 3.0.7-11.el9_8
    sourcerpm: openssl-fips-provider-3.0.7-11.el9_8.src.rpm
  - url: https://cdn-ubi.redhat.com/content/public/ubi/dist/ubi9/9/x86_64/baseos/os/Packages/o/openssl-libs-3.5.5-6.el9_8.x86_64.rpm
    repoid: ubi-9-baseos-rpms
    size: 2427181
    checksum: sha256:a289cdf4da547031cd39a4f31decd0bb22649bbcb5fe4f88b939d341a83708be
    name: openssl-libs
    evr: 1:3.5.5-6.el9_8
    sourcerpm: openssl-3.5.5-6.el9_8.src.rpm
  - url: https://cdn-ubi.redhat.com/content/public/ubi/dist/ubi9/9/x86_64/baseos/os/Packages/p/pkgconf-1.7.3-10.el9.x86_64.rpm
    repoid: ubi-9-baseos-rpms
    size: 45675
    checksum: sha256:bb47b4ecc499c308f41031a99e723827d152d5d750f59849d0c265d820944a26
    name: pkgconf
    evr: 1.7.3-10.el9
    sourcerpm: pkgconf-1.7.3-10.el9.src.rpm
  - url: https://cdn-ubi.redhat.com/content/public/ubi/dist/ubi9/9/x86_64/baseos/os/Packages/p/pkgconf-m4-1.7.3-10.el9.noarch.rpm
    repoid: ubi-9-baseos-rpms
    size: 16054
    checksum: sha256:91bafd6e06099451f60288327b275cfcc651822f6145176a157c6b0fa5131e02
    name: pkgconf-m4
    evr: 1.7.3-10.el9
    sourcerpm: pkgconf-1.7.3-10.el9.src.rpm
  - url: https://cdn-ubi.redhat.com/content/public/ubi/dist/ubi9/9/x86_64/baseos/os/Packages/p/pkgconf-pkg-config-1.7.3-10.el9.x86_64.rpm
    repoid: ubi-9-baseos-rpms
    size: 12438
    checksum: sha256:9a502d81d73d3303ceb53a06ad7ce525c97117ea64352174a33708bf3429283d
    name: pkgconf-pkg-config
    evr: 1.7.3-10.el9
    sourcerpm: pkgconf-1.7.3-10.el9.src.rpm
  - url: https://cdn-ubi.redhat.com/content/public/ubi/dist/ubi9/9/x86_64/baseos/os/Packages/p/policycoreutils-3.6-5.el9.x86_64.rpm
    repoid: ubi-9-baseos-rpms
    size: 250930
    checksum: sha256:fffd2206493e48409306c0494f53a549fb5e2944a7f53ad7377ed76a4b28f671
    name: policycoreutils
    evr: 3.6-5.el9
    sourcerpm: policycoreutils-3.6-5.el9.src.rpm
  - url: https://cdn-ubi.redhat.com/content/public/ubi/dist/ubi9/9/x86_64/baseos/os/Packages/p/procps-ng-3.3.17-14.el9.x86_64.rpm
    repoid: ubi-9-baseos-rpms
    size: 361526
    checksum: sha256:506ad778f63821e8d9647ca8e0a3ff21b8af9c1666060d5200f9b26ee718333c
    name: procps-ng
    evr: 3.3.17-14.el9
    sourcerpm: procps-ng-3.3.17-14.el9.src.rpm
  - url: https://cdn-ubi.redhat.com/content/public/ubi/dist/ubi9/9/x86_64/baseos/os/Packages/p/python3-setools-4.4.4-1.el9.x86_64.rpm
    repoid: ubi-9-baseos-rpms
    size: 623460
    checksum: sha256:91946d729d2b03b4abe1c43962f22d110468db0163241cda7b1d549c615d0261
    name: python3-setools
    evr: 4.4.4-1.el9
    sourcerpm: setools-4.4.4-1.el9.src.rpm
  - url: https://cdn-ubi.redhat.com/content/public/ubi/dist/ubi9/9/x86_64/baseos/os/Packages/t/tcl-8.6.10-7.el9.x86_64.rpm
    repoid: ubi-9-baseos-rpms
    size: 1152092
    checksum: sha256:2062dce4bed26d3684de4dad68f32307ebacf5c7d50d3aa7bf6470e66fb36df5
    name: tcl
    evr: 1:8.6.10-7.el9
    sourcerpm: tcl-8.6.10-7.el9.src.rpm
  - url: https://cdn-ubi.redhat.com/content/public/ubi/dist/ubi9/9/x86_64/baseos/os/Packages/v/vim-filesystem-8.2.2637-26.el9_8.10.noarch.rpm
    repoid: ubi-9-baseos-rpms
    size: 22399
    checksum: sha256:9fc9ef3ba0b22a599b2a7b34bd0b025afd5f2623e9132b4ead19e98f9c62e97d
    name: vim-filesystem
    evr: 2:8.2.2637-26.el9_8.10
    sourcerpm: vim-8.2.2637-26.el9_8.10.src.rpm
  source: []
  module_metadata: []
